
Microsoft Visual Studio Solution File, Format Version 12.00
# Visual Studio Version 17
VisualStudioVersion = 17.10.35013.160
MinimumVisualStudioVersion = 10.0.40219.1
Project("{8BC9CEB8-8B4A-11D0-8D11-00A0C91BC942}") = "EditorApp", "EditorApp\EditorApp.vcxproj", "{870DC06C-A00D-4511-8DB7-CB298E6F6F69}"
EndProject
Project("{8BC9CEB8-8B4A-11D0-8D11-00A0C91BC942}") = "CelestiumPT", "CelestiumPT\CelestiumPT.vcxproj", "{9B7BA236-EA40-4E46-B069-5E190827F9C5}"
EndProject
Global
	GlobalSection(SolutionConfigurationPlatforms) = preSolution
		Debug|x64 = Debug|x64
		Release|x64 = Release|x64
	EndGlobalSection
	GlobalSection(ProjectConfigurationPlatforms) = postSolution
		{870DC06C-A00D-4511-8DB7-CB298E6F6F69}.Debug|x64.ActiveCfg = Debug|x64
		{870DC06C-A00D-4511-8DB7-CB298E6F6F69}.Debug|x64.Build.0 = Debug|x64
		{870DC06C-A00D-4511-8DB7-CB298E6F6F69}.Release|x64.ActiveCfg = Release|x64
		{870DC06C-A00D-4511-8DB7-CB298E6F6F69}.Release|x64.Build.0 = Release|x64
		{9B7BA236-EA40-4E46-B069-5E190827F9C5}.Debug|x64.ActiveCfg = Debug|x64
		{9B7BA236-EA40-4E46-B069-5E190827F9C5}.Debug|x64.Build.0 = Debug|x64
		{9B7BA236-EA40-4E46-B069-5E190827F9C5}.Release|x64.ActiveCfg = Release|x64
		{9B7BA236-EA40-4E46-B069-5E190827F9C5}.Release|x64.Build.0 = Release|x64
	EndGlobalSection
	GlobalSection(SolutionProperties) = preSolution
		HideSolutionNode = FALSE
	EndGlobalSection
	GlobalSection(ExtensibilityGlobals) = postSolution
		SolutionGuid = {BE54F391-7388-4DD1-9C3D-5505056AEF90}
	EndGlobalSection
EndGlobal
